<?xml version="1.0" encoding="utf-8"?>
<Project ToolsVersion="4.0" xmlns="http://schemas.microsoft.com/developer/msbuild/2003">
  <ItemGroup>
    <Filter Include="Исходные файлы">
      <UniqueIdentifier>{4FC737F1-C7A5-4376-A066-2A32D752A2FF}</UniqueIdentifier>
      <Extensions>cpp;c;cc;cxx;def;odl;idl;hpj;bat;asm;asmx</Extensions>
    </Filter>
    <Filter Include="Файлы заголовков">
      <UniqueIdentifier>{93995380-89BD-4b04-88EB-625FBE52EBFB}</UniqueIdentifier>
      <Extensions>h;hh;hpp;hxx;hm;inl;inc;ipp;xsd</Extensions>
    </Filter>
    <Filter Include="Файлы ресурсов">
      <UniqueIdentifier>{67DA6AB6-F800-4c08-8B7A-83BB121AAD01}</UniqueIdentifier>
      <Extensions>rc;ico;cur;bmp;dlg;rc2;rct;bin;rgs;gif;jpg;jpeg;jpe;resx;tiff;tif;png;wav;mfcribbon-ms</Extensions>
    </Filter>
  </ItemGroup>
  <ItemGroup>
    <ClCompile Include="Tanks.cpp">
      <Filter>Исходные файлы</Filter>
    </ClCompile>
    <ClCompile Include="$(MSBuildThisFileDirectory)..\..\lib\native\src\gtest\gtest-all.cc">
      <Filter>Исходные файлы</Filter>
    </ClCompile>
    <ClCompile Include="$(MSBuildThisFileDirectory)..\..\lib\native\src\gmock\gmock-all.cc">
      <Filter>Исходные файлы</Filter>
    </ClCompile>
    <ClCompile Include="test_move.cpp">
      <Filter>Исходные файлы</Filter>
    </ClCompile>
    <ClCompile Include="test_rotate.cpp">
      <Filter>Исходные файлы</Filter>
    </ClCompile>
    <ClCompile Include="test_runner.cpp">
      <Filter>Исходные файлы</Filter>
    </ClCompile>
    <ClCompile Include="movableAdapter.cpp">
      <Filter>Исходные файлы</Filter>
    </ClCompile>
    <ClCompile Include="moveCommand.cpp">
      <Filter>Исходные файлы</Filter>
    </ClCompile>
    <ClCompile Include="rotableAdapter.cpp">
      <Filter>Исходные файлы</Filter>
    </ClCompile>
    <ClCompile Include="rotateCommand.cpp">
      <Filter>Исходные файлы</Filter>
    </ClCompile>
    <ClCompile Include="uobject.cpp">
      <Filter>Файлы заголовков</Filter>
    </ClCompile>
    <ClCompile Include="myVector.cpp">
      <Filter>Файлы заголовков</Filter>
    </ClCompile>
    <ClCompile Include="runner.cpp">
      <Filter>Файлы заголовков</Filter>
    </ClCompile>
  </ItemGroup>
  <ItemGroup>
    <ClInclude Include="command.h">
      <Filter>Файлы заголовков</Filter>
    </ClInclude>
    <ClInclude Include="move.h">
      <Filter>Файлы заголовков</Filter>
    </ClInclude>
    <ClInclude Include="myVector.h">
      <Filter>Файлы заголовков</Filter>
    </ClInclude>
    <ClInclude Include="uobject.h">
      <Filter>Файлы заголовков</Filter>
    </ClInclude>
    <ClInclude Include="rotate.h">
      <Filter>Файлы заголовков</Filter>
    </ClInclude>
    <ClInclude Include="runner.h">
      <Filter>Файлы заголовков</Filter>
    </ClInclude>
    <ClInclude Include="myTqueue.h">
      <Filter>Файлы заголовков</Filter>
    </ClInclude>
    <ClInclude Include="movableAdapter.h">
      <Filter>Исходные файлы</Filter>
    </ClInclude>
    <ClInclude Include="moveCommand.h">
      <Filter>Исходные файлы</Filter>
    </ClInclude>
    <ClInclude Include="rotableAdapter.h">
      <Filter>Исходные файлы</Filter>
    </ClInclude>
    <ClInclude Include="rotateCommand.h">
      <Filter>Исходные файлы</Filter>
    </ClInclude>
  </ItemGroup>
  <ItemGroup>
    <None Include="packages.config" />
  </ItemGroup>
</Project>